
Microsoft Visual Studio Solution File, Format Version 12.00
# Visual Studio Version 16
VisualStudioVersion = 16.0.30104.148
MinimumVisualStudioVersion = 10.0.40219.1
Project("{9A19103F-16F7-4668-BE54-9A1E7A4F7556}") = "MinhaWebAPI", "MinhaWebAPI\MinhaWebAPI.csproj", "{235B67F2-C486-4067-BB41-C67EC7208BFD}"
EndProject
Project("{FAE04EC0-301F-11D3-BF4B-00C04F79EFBC}") = "AplicacaoCliente", "AplicacaoCliente\AplicacaoCliente.csproj", "{DA08E08D-7AED-4234-BDF6-1D1806DD8EB2}"
EndProject
Global
	GlobalSection(SolutionConfigurationPlatforms) = preSolution
		Debug|Any CPU = Debug|Any CPU
		Release|Any CPU = Release|Any CPU
	EndGlobalSection
	GlobalSection(ProjectConfigurationPlatforms) = postSolution
		{235B67F2-C486-4067-BB41-C67EC7208BFD}.Debug|Any CPU.ActiveCfg = Debug|Any CPU
		{235B67F2-C486-4067-BB41-C67EC7208BFD}.Debug|Any CPU.Build.0 = Debug|Any CPU
		{235B67F2-C486-4067-BB41-C67EC7208BFD}.Release|Any CPU.ActiveCfg = Release|Any CPU
		{235B67F2-C486-4067-BB41-C67EC7208BFD}.Release|Any CPU.Build.0 = Release|Any CPU
		{DA08E08D-7AED-4234-BDF6-1D1806DD8EB2}.Debug|Any CPU.ActiveCfg = Debug|Any CPU
		{DA08E08D-7AED-4234-BDF6-1D1806DD8EB2}.Debug|Any CPU.Build.0 = Debug|Any CPU
		{DA08E08D-7AED-4234-BDF6-1D1806DD8EB2}.Release|Any CPU.ActiveCfg = Release|Any CPU
		{DA08E08D-7AED-4234-BDF6-1D1806DD8EB2}.Release|Any CPU.Build.0 = Release|Any CPU
	EndGlobalSection
	GlobalSection(SolutionProperties) = preSolution
		HideSolutionNode = FALSE
	EndGlobalSection
	GlobalSection(ExtensibilityGlobals) = postSolution
		SolutionGuid = {DBF777A4-5D46-4B61-90DB-0D5CADEB3C95}
	EndGlobalSection
EndGlobal
