
Microsoft Visual Studio Solution File, Format Version 12.00
# Visual Studio 15
VisualStudioVersion = 15.0.28307.1259
MinimumVisualStudioVersion = 10.0.40219.1
Project("{9A19103F-16F7-4668-BE54-9A1E7A4F7556}") = "CadastroDeEmpresas", "CadastroDeEmpresas\CadastroDeEmpresas.csproj", "{0AAC96FE-0B1A-4AFC-9A14-7E0FA28D1D0D}"
EndProject
Global
	GlobalSection(SolutionConfigurationPlatforms) = preSolution
		Debug|Any CPU = Debug|Any CPU
		Release|Any CPU = Release|Any CPU
	EndGlobalSection
	GlobalSection(ProjectConfigurationPlatforms) = postSolution
		{0AAC96FE-0B1A-4AFC-9A14-7E0FA28D1D0D}.Debug|Any CPU.ActiveCfg = Debug|Any CPU
		{0AAC96FE-0B1A-4AFC-9A14-7E0FA28D1D0D}.Debug|Any CPU.Build.0 = Debug|Any CPU
		{0AAC96FE-0B1A-4AFC-9A14-7E0FA28D1D0D}.Release|Any CPU.ActiveCfg = Release|Any CPU
		{0AAC96FE-0B1A-4AFC-9A14-7E0FA28D1D0D}.Release|Any CPU.Build.0 = Release|Any CPU
	EndGlobalSection
	GlobalSection(SolutionProperties) = preSolution
		HideSolutionNode = FALSE
	EndGlobalSection
	GlobalSection(ExtensibilityGlobals) = postSolution
		SolutionGuid = {66273E2D-61B1-4EDA-92EC-0C2F44E1E0F9}
	EndGlobalSection
EndGlobal
